// !$*UTF8*$!
{
	archiveVersion = 1;
	classes = {
	};
	objectVersion = 50;
	objects = {

/* Begin PBXBuildFile section */
		E2695C2821DFB2BC0094B860 /* AppDelegate.swift in Sources */ = {isa = PBXBuildFile; fileRef = E2695C2721DFB2BC0094B860 /* AppDelegate.swift */; };
		E2695C2A21DFB2BC0094B860 /* GameScene.sks in Resources */ = {isa = PBXBuildFile; fileRef = E2695C2921DFB2BC0094B860 /* GameScene.sks */; };
		E2695C2E21DFB2BC0094B860 /* GameScene.swift in Sources */ = {isa = PBXBuildFile; fileRef = E2695C2D21DFB2BC0094B860 /* GameScene.swift */; };
		E2695C3021DFB2BC0094B860 /* GameViewController.swift in Sources */ = {isa = PBXBuildFile; fileRef = E2695C2F21DFB2BC0094B860 /* GameViewController.swift */; };
		E2695C3321DFB2BC0094B860 /* Main.storyboard in Resources */ = {isa = PBXBuildFile; fileRef = E2695C3121DFB2BC0094B860 /* Main.storyboard */; };
		E2695C4C21DFB3040094B860 /* tv.png in Resources */ = {isa = PBXBuildFile; fileRef = E2695C4021DFB3040094B860 /* tv.png */; };
		E2695C4D21DFB3040094B860 /* ball.png in Resources */ = {isa = PBXBuildFile; fileRef = E2695C4121DFB3040094B860 /* ball.png */; };
		E2695C4E21DFB3040094B860 /* explosion.sks in Resources */ = {isa = PBXBuildFile; fileRef = E2695C4221DFB3040094B860 /* explosion.sks */; };
		E2695C4F21DFB3040094B860 /* tv@2x.png in Resources */ = {isa = PBXBuildFile; fileRef = E2695C4321DFB3040094B860 /* tv@2x.png */; };
		E2695C5021DFB3040094B860 /* bigSpark.png in Resources */ = {isa = PBXBuildFile; fileRef = E2695C4421DFB3040094B860 /* bigSpark.png */; };
		E2695C5121DFB3040094B860 /* spark.png in Resources */ = {isa = PBXBuildFile; fileRef = E2695C4521DFB3040094B860 /* spark.png */; };
		E2695C5221DFB3040094B860 /* player@2x.png in Resources */ = {isa = PBXBuildFile; fileRef = E2695C4621DFB3040094B860 /* player@2x.png */; };
		E2695C5321DFB3040094B860 /* ball@2x.png in Resources */ = {isa = PBXBuildFile; fileRef = E2695C4721DFB3040094B860 /* ball@2x.png */; };
		E2695C5421DFB3040094B860 /* hammer.png in Resources */ = {isa = PBXBuildFile; fileRef = E2695C4821DFB3040094B860 /* hammer.png */; };
		E2695C5521DFB3040094B860 /* player.png in Resources */ = {isa = PBXBuildFile; fileRef = E2695C4921DFB3040094B860 /* player.png */; };
		E2695C5621DFB3040094B860 /* Starfield.sks in Resources */ = {isa = PBXBuildFile; fileRef = E2695C4A21DFB3040094B860 /* Starfield.sks */; };
		E2695C5721DFB3040094B860 /* hammer@2x.png in Resources */ = {isa = PBXBuildFile; fileRef = E2695C4B21DFB3040094B860 /* hammer@2x.png */; };
		E2695C5A21DFBAAA0094B860 /* LaunchScreen.storyboard in Resources */ = {isa = PBXBuildFile; fileRef = E2695C5821DFBAAA0094B860 /* LaunchScreen.storyboard */; };
		E2695C5B21DFBAAA0094B860 /* Assets.xcassets in Resources */ = {isa = PBXBuildFile; fileRef = E2695C5921DFBAAA0094B860 /* Assets.xcassets */; };
/* End PBXBuildFile section */

/* Begin PBXFileReference section */
		E2695C2421DFB2BC0094B860 /* Space Race.app */ = {isa = PBXFileReference; explicitFileType = wrapper.application; includeInIndex = 0; path = "Space Race.app"; sourceTree = BUILT_PRODUCTS_DIR; };
		E2695C2721DFB2BC0094B860 /* AppDelegate.swift */ = {isa = PBXFileReference; lastKnownFileType = sourcecode.swift; path = AppDelegate.swift; sourceTree = "<group>"; };
		E2695C2921DFB2BC0094B860 /* GameScene.sks */ = {isa = PBXFileReference; lastKnownFileType = file.sks; path = GameScene.sks; sourceTree = "<group>"; };
		E2695C2D21DFB2BC0094B860 /* GameScene.swift */ = {isa = PBXFileReference; lastKnownFileType = sourcecode.swift; path = GameScene.swift; sourceTree = "<group>"; };
		E2695C2F21DFB2BC0094B860 /* GameViewController.swift */ = {isa = PBXFileReference; lastKnownFileType = sourcecode.swift; path = GameViewController.swift; sourceTree = "<group>"; };
		E2695C3221DFB2BC0094B860 /* Base */ = {isa = PBXFileReference; lastKnownFileType = file.storyboard; name = Base; path = Base.lproj/Main.storyboard; sourceTree = "<group>"; };
		E2695C3921DFB2BE0094B860 /* Info.plist */ = {isa = PBXFileReference; lastKnownFileType = text.plist.xml; path = Info.plist; sourceTree = "<group>"; };
		E2695C4021DFB3040094B860 /* tv.png */ = {isa = PBXFileReference; lastKnownFileType = image.png; path = tv.png; sourceTree = "<group>"; };
		E2695C4121DFB3040094B860 /* ball.png */ = {isa = PBXFileReference; lastKnownFileType = image.png; path = ball.png; sourceTree = "<group>"; };
		E2695C4221DFB3040094B860 /* explosion.sks */ = {isa = PBXFileReference; lastKnownFileType = file.sks; path = explosion.sks; sourceTree = "<group>"; };
		E2695C4321DFB3040094B860 /* tv@2x.png */ = {isa = PBXFileReference; lastKnownFileType = image.png; path = "tv@2x.png"; sourceTree = "<group>"; };
		E2695C4421DFB3040094B860 /* bigSpark.png */ = {isa = PBXFileReference; lastKnownFileType = image.png; path = bigSpark.png; sourceTree = "<group>"; };
		E2695C4521DFB3040094B860 /* spark.png */ = {isa = PBXFileReference; lastKnownFileType = image.png; path = spark.png; sourceTree = "<group>"; };
		E2695C4621DFB3040094B860 /* player@2x.png */ = {isa = PBXFileReference; lastKnownFileType = image.png; path = "player@2x.png"; sourceTree = "<group>"; };
		E2695C4721DFB3040094B860 /* ball@2x.png */ = {isa = PBXFileReference; lastKnownFileType = image.png; path = "ball@2x.png"; sourceTree = "<group>"; };
		E2695C4821DFB3040094B860 /* hammer.png */ = {isa = PBXFileReference; lastKnownFileType = image.png; path = hammer.png; sourceTree = "<group>"; };
		E2695C4921DFB3040094B860 /* player.png */ = {isa = PBXFileReference; lastKnownFileType = image.png; path = player.png; sourceTree = "<group>"; };
		E2695C4A21DFB3040094B860 /* Starfield.sks */ = {isa = PBXFileReference; lastKnownFileType = file.sks; path = Starfield.sks; sourceTree = "<group>"; };
		E2695C4B21DFB3040094B860 /* hammer@2x.png */ = {isa = PBXFileReference; lastKnownFileType = image.png; path = "hammer@2x.png"; sourceTree = "<group>"; };
		E2695C5821DFBAAA0094B860 /* LaunchScreen.storyboard */ = {isa = PBXFileReference; fileEncoding = 4; lastKnownFileType = file.storyboard; path = LaunchScreen.storyboard; sourceTree = "<group>"; };
		E2695C5921DFBAAA0094B860 /* Assets.xcassets */ = {isa = PBXFileReference; lastKnownFileType = folder.assetcatalog; path = Assets.xcassets; sourceTree = "<group>"; };
/* End PBXFileReference section */

/* Begin PBXFrameworksBuildPhase section */
		E2695C2121DFB2BC0094B860 /* Frameworks */ = {
			isa = PBXFrameworksBuildPhase;
			buildActionMask = 2147483647;
			files = (
			);
			runOnlyForDeploymentPostprocessing = 0;
		};
/* End PBXFrameworksBuildPhase section */

/* Begin PBXGroup section */
		E2695C1B21DFB2BC0094B860 = {
			isa = PBXGroup;
			children = (
				E2695C2621DFB2BC0094B860 /* Space Race */,
				E2695C2521DFB2BC0094B860 /* Products */,
			);
			sourceTree = "<group>";
		};
		E2695C2521DFB2BC0094B860 /* Products */ = {
			isa = PBXGroup;
			children = (
				E2695C2421DFB2BC0094B860 /* Space Race.app */,
			);
			name = Products;
			sourceTree = "<group>";
		};
		E2695C2621DFB2BC0094B860 /* Space Race */ = {
			isa = PBXGroup;
			children = (
				E2695C2721DFB2BC0094B860 /* AppDelegate.swift */,
				E2695C2921DFB2BC0094B860 /* GameScene.sks */,
				E2695C2D21DFB2BC0094B860 /* GameScene.swift */,
				E2695C2F21DFB2BC0094B860 /* GameViewController.swift */,
				E2695C3121DFB2BC0094B860 /* Main.storyboard */,
				E2695C3921DFB2BE0094B860 /* Info.plist */,
				E2695C5921DFBAAA0094B860 /* Assets.xcassets */,
				E2695C5821DFBAAA0094B860 /* LaunchScreen.storyboard */,
				E2695C3F21DFB3040094B860 /* Content */,
			);
			path = "Space Race";
			sourceTree = "<group>";
		};
		E2695C3F21DFB3040094B860 /* Content */ = {
			isa = PBXGroup;
			children = (
				E2695C4021DFB3040094B860 /* tv.png */,
				E2695C4121DFB3040094B860 /* ball.png */,
				E2695C4221DFB3040094B860 /* explosion.sks */,
				E2695C4321DFB3040094B860 /* tv@2x.png */,
				E2695C4421DFB3040094B860 /* bigSpark.png */,
				E2695C4521DFB3040094B860 /* spark.png */,
				E2695C4621DFB3040094B860 /* player@2x.png */,
				E2695C4721DFB3040094B860 /* ball@2x.png */,
				E2695C4821DFB3040094B860 /* hammer.png */,
				E2695C4921DFB3040094B860 /* player.png */,
				E2695C4A21DFB3040094B860 /* Starfield.sks */,
				E2695C4B21DFB3040094B860 /* hammer@2x.png */,
			);
			path = Content;
			sourceTree = "<group>";
		};
/* End PBXGroup section */

/* Begin PBXNativeTarget section */
		E2695C2321DFB2BC0094B860 /* Space Race */ = {
			isa = PBXNativeTarget;
			buildConfigurationList = E2695C3C21DFB2BE0094B860 /* Build configuration list for PBXNativeTarget "Space Race" */;
			buildPhases = (
				E2695C2021DFB2BC0094B860 /* Sources */,
				E2695C2121DFB2BC0094B860 /* Frameworks */,
				E2695C2221DFB2BC0094B860 /* Resources */,
			);
			buildRules = (
			);
			dependencies = (
			);
			name = "Space Race";
			productName = "Space Race";
			productReference = E2695C2421DFB2BC0094B860 /* Space Race.app */;
			productType = "com.apple.product-type.application";
		};
/* End PBXNativeTarget section */

/* Begin PBXProject section */
		E2695C1C21DFB2BC0094B860 /* Project object */ = {
			isa = PBXProject;
			attributes = {
				LastSwiftUpdateCheck = 1010;
				LastUpgradeCheck = 1010;
				ORGANIZATIONNAME = "Khachatur Hakobyan";
				TargetAttributes = {
					E2695C2321DFB2BC0094B860 = {
						CreatedOnToolsVersion = 10.1;
					};
				};
			};
			buildConfigurationList = E2695C1F21DFB2BC0094B860 /* Build configuration list for PBXProject "Space Race" */;
			compatibilityVersion = "Xcode 9.3";
			developmentRegion = en;
			hasScannedForEncodings = 0;
			knownRegions = (
				en,
				Base,
			);
			mainGroup = E2695C1B21DFB2BC0094B860;
			productRefGroup = E2695C2521DFB2BC0094B860 /* Products */;
			projectDirPath = "";
			projectRoot = "";
			targets = (
				E2695C2321DFB2BC0094B860 /* Space Race */,
			);
		};
/* End PBXProject section */

/* Begin PBXResourcesBuildPhase section */
		E2695C2221DFB2BC0094B860 /* Resources */ = {
			isa = PBXResourcesBuildPhase;
			buildActionMask = 2147483647;
			files = (
				E2695C5521DFB3040094B860 /* player.png in Resources */,
				E2695C5221DFB3040094B860 /* player@2x.png in Resources */,
				E2695C4F21DFB3040094B860 /* tv@2x.png in Resources */,
				E2695C5A21DFBAAA0094B860 /* LaunchScreen.storyboard in Resources */,
				E2695C5421DFB3040094B860 /* hammer.png in Resources */,
				E2695C5721DFB3040094B860 /* hammer@2x.png in Resources */,
				E2695C4C21DFB3040094B860 /* tv.png in Resources */,
				E2695C3321DFB2BC0094B860 /* Main.storyboard in Resources */,
				E2695C4D21DFB3040094B860 /* ball.png in Resources */,
				E2695C2A21DFB2BC0094B860 /* GameScene.sks in Resources */,
				E2695C5121DFB3040094B860 /* spark.png in Resources */,
				E2695C5321DFB3040094B860 /* ball@2x.png in Resources */,
				E2695C4E21DFB3040094B860 /* explosion.sks in Resources */,
				E2695C5621DFB3040094B860 /* Starfield.sks in Resources */,
				E2695C5B21DFBAAA0094B860 /* Assets.xcassets in Resources */,
				E2695C5021DFB3040094B860 /* bigSpark.png in Resources */,
			);
			runOnlyForDeploymentPostprocessing = 0;
		};
/* End PBXResourcesBuildPhase section */

/* Begin PBXSourcesBuildPhase section */
		E2695C2021DFB2BC0094B860 /* Sources */ = {
			isa = PBXSourcesBuildPhase;
			buildActionMask = 2147483647;
			files = (
				E2695C2E21DFB2BC0094B860 /* GameScene.swift in Sources */,
				E2695C3021DFB2BC0094B860 /* GameViewController.swift in Sources */,
				E2695C2821DFB2BC0094B860 /* AppDelegate.swift in Sources */,
			);
			runOnlyForDeploymentPostprocessing = 0;
		};
/* End PBXSourcesBuildPhase section */

/* Begin PBXVariantGroup section */
		E2695C3121DFB2BC0094B860 /* Main.storyboard */ = {
			isa = PBXVariantGroup;
			children = (
				E2695C3221DFB2BC0094B860 /* Base */,
			);
			name = Main.storyboard;
			sourceTree = "<group>";
		};
/* End PBXVariantGroup section */

/* Begin XCBuildConfiguration section */
		E2695C3A21DFB2BE0094B860 /* Debug */ = {
			isa = XCBuildConfiguration;
			buildSettings = {
				ALWAYS_SEARCH_USER_PATHS = NO;
				CLANG_ANALYZER_NONNULL = YES;
				CLANG_ANALYZER_NUMBER_OBJECT_CONVERSION = YES_AGGRESSIVE;
				CLANG_CXX_LANGUAGE_STANDARD = "gnu++14";
				CLANG_CXX_LIBRARY = "libc++";
				CLANG_ENABLE_MODULES = YES;
				CLANG_ENABLE_OBJC_ARC = YES;
				CLANG_ENABLE_OBJC_WEAK = YES;
				CLANG_WARN_BLOCK_CAPTURE_AUTORELEASING = YES;
				CLANG_WARN_BOOL_CONVERSION = YES;
				CLANG_WARN_COMMA = YES;
				CLANG_WARN_CONSTANT_CONVERSION = YES;
				CLANG_WARN_DEPRECATED_OBJC_IMPLEMENTATIONS = YES;
				CLANG_WARN_DIRECT_OBJC_ISA_USAGE = YES_ERROR;
				CLANG_WARN_DOCUMENTATION_COMMENTS = YES;
				CLANG_WARN_EMPTY_BODY = YES;
				CLANG_WARN_ENUM_CONVERSION = YES;
				CLANG_WARN_INFINITE_RECURSION = YES;
				CLANG_WARN_INT_CONVERSION = YES;
				CLANG_WARN_NON_LITERAL_NULL_CONVERSION = YES;
				CLANG_WARN_OBJC_IMPLICIT_RETAIN_SELF = YES;
				CLANG_WARN_OBJC_LITERAL_CONVERSION = YES;
				CLANG_WARN_OBJC_ROOT_CLASS = YES_ERROR;
				CLANG_WARN_RANGE_LOOP_ANALYSIS = YES;
				CLANG_WARN_STRICT_PROTOTYPES = YES;
				CLANG_WARN_SUSPICIOUS_MOVE = YES;
				CLANG_WARN_UNGUARDED_AVAILABILITY = YES_AGGRESSIVE;
				CLANG_WARN_UNREACHABLE_CODE = YES;
				CLANG_WARN__DUPLICATE_METHOD_MATCH = YES;
				CODE_SIGN_IDENTITY = "iPhone Developer";
				COPY_PHASE_STRIP = NO;
				DEBUG_INFORMATION_FORMAT = dwarf;
				ENABLE_STRICT_OBJC_MSGSEND = YES;
				ENABLE_TESTABILITY = YES;
				GCC_C_LANGUAGE_STANDARD = gnu11;
				GCC_DYNAMIC_NO_PIC = NO;
				GCC_NO_COMMON_BLOCKS = YES;
				GCC_OPTIMIZATION_LEVEL = 0;
				GCC_PREPROCESSOR_DEFINITIONS = (
					"DEBUG=1",
					"$(inherited)",
				);
				GCC_WARN_64_TO_32_BIT_CONVERSION = YES;
				GCC_WARN_ABOUT_RETURN_TYPE = YES_ERROR;
				GCC_WARN_UNDECLARED_SELECTOR = YES;
				GCC_WARN_UNINITIALIZED_AUTOS = YES_AGGRESSIVE;
				GCC_WARN_UNUSED_FUNCTION = YES;
				GCC_WARN_UNUSED_VARIABLE = YES;
				IPHONEOS_DEPLOYMENT_TARGET = 12.1;
				MTL_ENABLE_DEBUG_INFO = INCLUDE_SOURCE;
				MTL_FAST_MATH = YES;
				ONLY_ACTIVE_ARCH = YES;
				SDKROOT = iphoneos;
				SWIFT_ACTIVE_COMPILATION_CONDITIONS = DEBUG;
				SWIFT_OPTIMIZATION_LEVEL = "-Onone";
			};
			name = Debug;
		};
		E2695C3B21DFB2BE0094B860 /* Release */ = {
			isa = XCBuildConfiguration;
			buildSettings = {
				ALWAYS_SEARCH_USER_PATHS = NO;
				CLANG_ANALYZER_NONNULL = YES;
				CLANG_ANALYZER_NUMBER_OBJECT_CONVERSION = YES_AGGRESSIVE;
				CLANG_CXX_LANGUAGE_STANDARD = "gnu++14";
				CLANG_CXX_LIBRARY = "libc++";
				CLANG_ENABLE_MODULES = YES;
				CLANG_ENABLE_OBJC_ARC = YES;
				CLANG_ENABLE_OBJC_WEAK = YES;
				CLANG_WARN_BLOCK_CAPTURE_AUTORELEASING = YES;
				CLANG_WARN_BOOL_CONVERSION = YES;
				CLANG_WARN_COMMA = YES;
				CLANG_WARN_CONSTANT_CONVERSION = YES;
				CLANG_WARN_DEPRECATED_OBJC_IMPLEMENTATIONS = YES;
				CLANG_WARN_DIRECT_OBJC_ISA_USAGE = YES_ERROR;
				CLANG_WARN_DOCUMENTATION_COMMENTS = YES;
				CLANG_WARN_EMPTY_BODY = YES;
				CLANG_WARN_ENUM_CONVERSION = YES;
				CLANG_WARN_INFINITE_RECURSION = YES;
				CLANG_WARN_INT_CONVERSION = YES;
				CLANG_WARN_NON_LITERAL_NULL_CONVERSION = YES;
				CLANG_WARN_OBJC_IMPLICIT_RETAIN_SELF = YES;
				CLANG_WARN_OBJC_LITERAL_CONVERSION = YES;
				CLANG_WARN_OBJC_ROOT_CLASS = YES_ERROR;
				CLANG_WARN_RANGE_LOOP_ANALYSIS = YES;
				CLANG_WARN_STRICT_PROTOTYPES = YES;
				CLANG_WARN_SUSPICIOUS_MOVE = YES;
				CLANG_WARN_UNGUARDED_AVAILABILITY = YES_AGGRESSIVE;
				CLANG_WARN_UNREACHABLE_CODE = YES;
				CLANG_WARN__DUPLICATE_METHOD_MATCH = YES;
				CODE_SIGN_IDENTITY = "iPhone Developer";
				COPY_PHASE_STRIP = NO;
				DEBUG_INFORMATION_FORMAT = "dwarf-with-dsym";
				ENABLE_NS_ASSERTIONS = NO;
				ENABLE_STRICT_OBJC_MSGSEND = YES;
				GCC_C_LANGUAGE_STANDARD = gnu11;
				GCC_NO_COMMON_BLOCKS = YES;
				GCC_WARN_64_TO_32_BIT_CONVERSION = YES;
				GCC_WARN_ABOUT_RETURN_TYPE = YES_ERROR;
				GCC_WARN_UNDECLARED_SELECTOR = YES;
				GCC_WARN_UNINITIALIZED_AUTOS = YES_AGGRESSIVE;
				GCC_WARN_UNUSED_FUNCTION = YES;
				GCC_WARN_UNUSED_VARIABLE = YES;
				IPHONEOS_DEPLOYMENT_TARGET = 12.1;
				MTL_ENABLE_DEBUG_INFO = NO;
				MTL_FAST_MATH = YES;
				SDKROOT = iphoneos;
				SWIFT_COMPILATION_MODE = wholemodule;
				SWIFT_OPTIMIZATION_LEVEL = "-O";
				VALIDATE_PRODUCT = YES;
			};
			name = Release;
		};
		E2695C3D21DFB2BE0094B860 /* Debug */ = {
			isa = XCBuildConfiguration;
			buildSettings = {
				ASSETCATALOG_COMPILER_APPICON_NAME = AppIcon;
				CODE_SIGN_STYLE = Automatic;
				DEVELOPMENT_TEAM = H9XVC79337;
				INFOPLIST_FILE = "Space Race/Info.plist";
				IPHONEOS_DEPLOYMENT_TARGET = 10.0;
				LD_RUNPATH_SEARCH_PATHS = (
					"$(inherited)",
					"@executable_path/Frameworks",
				);
				PRODUCT_BUNDLE_IDENTIFIER = "com.swiftAcademyBlue.Space-Race";
				PRODUCT_NAME = "$(TARGET_NAME)";
				SWIFT_VERSION = 4.2;
				TARGETED_DEVICE_FAMILY = 2;
			};
			name = Debug;
		};
		E2695C3E21DFB2BE0094B860 /* Release */ = {
			isa = XCBuildConfiguration;
			buildSettings = {
				ASSETCATALOG_COMPILER_APPICON_NAME = AppIcon;
				CODE_SIGN_STYLE = Automatic;
				DEVELOPMENT_TEAM = H9XVC79337;
				INFOPLIST_FILE = "Space Race/Info.plist";
				IPHONEOS_DEPLOYMENT_TARGET = 10.0;
				LD_RUNPATH_SEARCH_PATHS = (
					"$(inherited)",
					"@executable_path/Frameworks",
				);
				PRODUCT_BUNDLE_IDENTIFIER = "com.swiftAcademyBlue.Space-Race";
				PRODUCT_NAME = "$(TARGET_NAME)";
				SWIFT_VERSION = 4.2;
				TARGETED_DEVICE_FAMILY = 2;
			};
			name = Release;
		};
/* End XCBuildConfiguration section */

/* Begin XCConfigurationList section */
		E2695C1F21DFB2BC0094B860 /* Build configuration list for PBXProject "Space Race" */ = {
			isa = XCConfigurationList;
			buildConfigurations = (
				E2695C3A21DFB2BE0094B860 /* Debug */,
				E2695C3B21DFB2BE0094B860 /* Release */,
			);
			defaultConfigurationIsVisible = 0;
			defaultConfigurationName = Release;
		};
		E2695C3C21DFB2BE0094B860 /* Build configuration list for PBXNativeTarget "Space Race" */ = {
			isa = XCConfigurationList;
			buildConfigurations = (
				E2695C3D21DFB2BE0094B860 /* Debug */,
				E2695C3E21DFB2BE0094B860 /* Release */,
			);
			defaultConfigurationIsVisible = 0;
			defaultConfigurationName = Release;
		};
/* End XCConfigurationList section */
	};
	rootObject = E2695C1C21DFB2BC0094B860 /* Project object */;
}
